<?xml version="1.0" encoding="utf-8"?>
<Project ToolsVersion="4.0" xmlns="http://schemas.microsoft.com/developer/msbuild/2003">
  <ItemGroup>
    <Filter Include="소스 파일">
      <UniqueIdentifier>{4FC737F1-C7A5-4376-A066-2A32D752A2FF}</UniqueIdentifier>
      <Extensions>cpp;c;cc;cxx;def;odl;idl;hpj;bat;asm;asmx</Extensions>
    </Filter>
    <Filter Include="헤더 파일">
      <UniqueIdentifier>{93995380-89BD-4b04-88EB-625FBE52EBFB}</UniqueIdentifier>
      <Extensions>h;hpp;hxx;hm;inl;inc;xsd</Extensions>
    </Filter>
    <Filter Include="리소스 파일">
      <UniqueIdentifier>{67DA6AB6-F800-4c08-8B7A-83BB121AAD01}</UniqueIdentifier>
      <Extensions>rc;ico;cur;bmp;dlg;rc2;rct;bin;rgs;gif;jpg;jpeg;jpe;resx;tiff;tif;png;wav;mfcribbon-ms</Extensions>
    </Filter>
  </ItemGroup>
  <ItemGroup>
    <ClCompile Include="..\..\FCM_NLJD.c">
      <Filter>소스 파일</Filter>
    </ClCompile>
    <ClCompile Include="..\..\FCM_NLJD_data.c">
      <Filter>소스 파일</Filter>
    </ClCompile>
    <ClCompile Include="..\..\FCM_NLJD_initialize.c">
      <Filter>소스 파일</Filter>
    </ClCompile>
    <ClCompile Include="..\..\FCM_NLJD_terminate.c">
      <Filter>소스 파일</Filter>
    </ClCompile>
    <ClCompile Include="..\..\rand.c">
      <Filter>소스 파일</Filter>
    </ClCompile>
    <ClCompile Include="..\..\rt_nonfinite.c">
      <Filter>소스 파일</Filter>
    </ClCompile>
    <ClCompile Include="..\..\rtGetInf.c">
      <Filter>소스 파일</Filter>
    </ClCompile>
    <ClCompile Include="..\..\rtGetNaN.c">
      <Filter>소스 파일</Filter>
    </ClCompile>
    <ClCompile Include="..\..\sum.c">
      <Filter>소스 파일</Filter>
    </ClCompile>
  </ItemGroup>
  <ItemGroup>
    <ClInclude Include="..\..\rtGetNaN.h">
      <Filter>헤더 파일</Filter>
    </ClInclude>
    <ClInclude Include="..\..\rtwtypes.h">
      <Filter>헤더 파일</Filter>
    </ClInclude>
    <ClInclude Include="..\..\sum.h">
      <Filter>헤더 파일</Filter>
    </ClInclude>
    <ClInclude Include="..\..\FCM_NLJD.h">
      <Filter>헤더 파일</Filter>
    </ClInclude>
    <ClInclude Include="..\..\FCM_NLJD_data.h">
      <Filter>헤더 파일</Filter>
    </ClInclude>
    <ClInclude Include="..\..\FCM_NLJD_initialize.h">
      <Filter>헤더 파일</Filter>
    </ClInclude>
    <ClInclude Include="..\..\FCM_NLJD_terminate.h">
      <Filter>헤더 파일</Filter>
    </ClInclude>
    <ClInclude Include="..\..\FCM_NLJD_types.h">
      <Filter>헤더 파일</Filter>
    </ClInclude>
    <ClInclude Include="..\..\rand.h">
      <Filter>헤더 파일</Filter>
    </ClInclude>
    <ClInclude Include="..\..\rt_nonfinite.h">
      <Filter>헤더 파일</Filter>
    </ClInclude>
    <ClInclude Include="..\..\rtGetInf.h">
      <Filter>헤더 파일</Filter>
    </ClInclude>
  </ItemGroup>
</Project>